Microsoft Visual Studio Solution File, Format Version 12.00
# Visual Studio Version 17
VisualStudioVersion = 17.5.2.0
MinimumVisualStudioVersion = 10.0.40219.1
Project("{2150E333-8FDC-42A3-9474-1A3956D46DE8}") = "task01", "task01", "{28AB594D-C8BC-8ED4-8438-DB0929E1D7DF}"
EndProject
Project("{2150E333-8FDC-42A3-9474-1A3956D46DE8}") = "dnapp", "dnapp", "{809DD301-3D5B-F2D2-A037-50DF9E89AC40}"
EndProject
Project("{2150E333-8FDC-42A3-9474-1A3956D46DE8}") = "lambdas", "lambdas", "{E3E9E388-D122-28AC-9EE9-73779BC874D0}"
EndProject
Project("{FAE04EC0-301F-11D3-BF4B-00C04F79EFBC}") = "Function", "task01\dnapp\lambdas\hello_world\Function.csproj", "{927B94FB-6750-56E2-FF94-A1968D6DB561}"
EndProject
Global
	GlobalSection(SolutionConfigurationPlatforms) = preSolution
		Debug|Any CPU = Debug|Any CPU
		Release|Any CPU = Release|Any CPU
	EndGlobalSection
	GlobalSection(ProjectConfigurationPlatforms) = postSolution
		{927B94FB-6750-56E2-FF94-A1968D6DB561}.Debug|Any CPU.ActiveCfg = Debug|Any CPU
		{927B94FB-6750-56E2-FF94-A1968D6DB561}.Debug|Any CPU.Build.0 = Debug|Any CPU
		{927B94FB-6750-56E2-FF94-A1968D6DB561}.Release|Any CPU.ActiveCfg = Release|Any CPU
		{927B94FB-6750-56E2-FF94-A1968D6DB561}.Release|Any CPU.Build.0 = Release|Any CPU
	EndGlobalSection
	GlobalSection(SolutionProperties) = preSolution
		HideSolutionNode = FALSE
	EndGlobalSection
	GlobalSection(NestedProjects) = preSolution
		{809DD301-3D5B-F2D2-A037-50DF9E89AC40} = {28AB594D-C8BC-8ED4-8438-DB0929E1D7DF}
		{E3E9E388-D122-28AC-9EE9-73779BC874D0} = {809DD301-3D5B-F2D2-A037-50DF9E89AC40}
		{927B94FB-6750-56E2-FF94-A1968D6DB561} = {E3E9E388-D122-28AC-9EE9-73779BC874D0}
	EndGlobalSection
	GlobalSection(ExtensibilityGlobals) = postSolution
		SolutionGuid = {5C5D418A-AEC9-4B35-A658-EEABAE9B39CA}
	EndGlobalSection
EndGlobal
